{
  "name": ".Invoice-Manager",
  "lockfileVersion": 2,
  "requires": true,
  "packages": {
    "": {
      "dependencies": {
        "datatables.net-dt": "^1.13.4",
        "node": "^19.8.1",
        "oracledb": "^5.5.0"
      }
    },
    "node_modules/datatables.net": {
      "version": "1.13.4",
      "resolved": "https://registry.npmjs.org/datatables.net/-/datatables.net-1.13.4.tgz",
      "integrity": "sha512-yzhArTOB6tPO2QFKm1z3hA4vabtt2hRvgw8XLsT1xqEirinfGYqWDiWXlkTPTaJv2e7gG+Kf985sXkzBFlGrGQ==",
      "dependencies": {
        "jquery": ">=1.7"
      }
    },
    "node_modules/datatables.net-dt": {
      "version": "1.13.4",
      "resolved": "https://registry.npmjs.org/datatables.net-dt/-/datatables.net-dt-1.13.4.tgz",
      "integrity": "sha512-QAvuEej/qKSiaSmSeDQ36wWO72XzFGKkd0jdiqbp+2FHAAzIk+ffsqQAwylystMoBSiO0zlcdaqHoAPa5Dy7Pg==",
      "dependencies": {
        "datatables.net": ">=1.12.1",
        "jquery": ">=1.7"
      }
    },
    "node_modules/jquery": {
      "version": "3.6.4",
      "resolved": "https://registry.npmjs.org/jquery/-/jquery-3.6.4.tgz",
      "integrity": "sha512-v28EW9DWDFpzcD9O5iyJXg3R3+q+mET5JhnjJzQUZMHOv67bpSIHq81GEYpPNZHG+XXHsfSme3nxp/hndKEcsQ=="
    },
    "node_modules/node": {
      "version": "19.8.1",
      "resolved": "https://registry.npmjs.org/node/-/node-19.8.1.tgz",
      "integrity": "sha512-qAoX6xM9F/eEv4q4qgCXGSbXWruHVzVJX32XCZizSUNsg5ywYY7di9QMqSDFmPwvJrXjZuhNq2z80+lR9GumLg==",
      "hasInstallScript": true,
      "dependencies": {
        "node-bin-setup": "^1.0.0"
      },
      "bin": {
        "node": "bin/node"
      },
      "engines": {
        "npm": ">=5.0.0"
      }
    },
    "node_modules/node-bin-setup": {
      "version": "1.1.3",
      "resolved": "https://registry.npmjs.org/node-bin-setup/-/node-bin-setup-1.1.3.tgz",
      "integrity": "sha512-opgw9iSCAzT2+6wJOETCpeRYAQxSopqQ2z+N6BXwIMsQQ7Zj5M8MaafQY8JMlolRR6R1UXg2WmhKp0p9lSOivg=="
    },
    "node_modules/oracledb": {
      "version": "5.5.0",
      "resolved": "https://registry.npmjs.org/oracledb/-/oracledb-5.5.0.tgz",
      "integrity": "sha512-i5cPvMENpZP8nnqptB6l0pjiOyySj1IISkbM4Hr3yZEDdANo2eezarwZb9NQ8fTh5pRjmgpZdSyIbnn9N3AENw==",
      "hasInstallScript": true,
      "engines": {
        "node": ">=10.16"
      }
    }
  },
  "dependencies": {
    "datatables.net": {
      "version": "1.13.4",
      "resolved": "https://registry.npmjs.org/datatables.net/-/datatables.net-1.13.4.tgz",
      "integrity": "sha512-yzhArTOB6tPO2QFKm1z3hA4vabtt2hRvgw8XLsT1xqEirinfGYqWDiWXlkTPTaJv2e7gG+Kf985sXkzBFlGrGQ==",
      "requires": {
        "jquery": ">=1.7"
      }
    },
    "datatables.net-dt": {
      "version": "1.13.4",
      "resolved": "https://registry.npmjs.org/datatables.net-dt/-/datatables.net-dt-1.13.4.tgz",
      "integrity": "sha512-QAvuEej/qKSiaSmSeDQ36wWO72XzFGKkd0jdiqbp+2FHAAzIk+ffsqQAwylystMoBSiO0zlcdaqHoAPa5Dy7Pg==",
      "requires": {
        "datatables.net": ">=1.12.1",
        "jquery": ">=1.7"
      }
    },
    "jquery": {
      "version": "3.6.4",
      "resolved": "https://registry.npmjs.org/jquery/-/jquery-3.6.4.tgz",
      "integrity": "sha512-v28EW9DWDFpzcD9O5iyJXg3R3+q+mET5JhnjJzQUZMHOv67bpSIHq81GEYpPNZHG+XXHsfSme3nxp/hndKEcsQ=="
    },
    "node": {
      "version": "19.8.1",
      "resolved": "https://registry.npmjs.org/node/-/node-19.8.1.tgz",
      "integrity": "sha512-qAoX6xM9F/eEv4q4qgCXGSbXWruHVzVJX32XCZizSUNsg5ywYY7di9QMqSDFmPwvJrXjZuhNq2z80+lR9GumLg==",
      "requires": {
        "node-bin-setup": "^1.0.0"
      }
    },
    "node-bin-setup": {
      "version": "1.1.3",
      "resolved": "https://registry.npmjs.org/node-bin-setup/-/node-bin-setup-1.1.3.tgz",
      "integrity": "sha512-opgw9iSCAzT2+6wJOETCpeRYAQxSopqQ2z+N6BXwIMsQQ7Zj5M8MaafQY8JMlolRR6R1UXg2WmhKp0p9lSOivg=="
    },
    "oracledb": {
      "version": "5.5.0",
      "resolved": "https://registry.npmjs.org/oracledb/-/oracledb-5.5.0.tgz",
      "integrity": "sha512-i5cPvMENpZP8nnqptB6l0pjiOyySj1IISkbM4Hr3yZEDdANo2eezarwZb9NQ8fTh5pRjmgpZdSyIbnn9N3AENw=="
    }
  }
}
